// !$*UTF8*$!
{
	archiveVersion = 1;
	classes = {
	};
	objectVersion = 46;
	objects = {

/* Begin PBXBuildFile section */
		DA30011D1E949A05000D8597 /* main.swift in Sources */ = {isa = PBXBuildFile; fileRef = DA30011C1E949A05000D8597 /* main.swift */; };
		DA3001241E949A37000D8597 /* EvaluationBrain.swift in Sources */ = {isa = PBXBuildFile; fileRef = DA3001231E949A37000D8597 /* EvaluationBrain.swift */; };
		DA4336BC1E99D3CD007AE5BD /* NPTuple.swift in Sources */ = {isa = PBXBuildFile; fileRef = DA4336BB1E99D3CD007AE5BD /* NPTuple.swift */; };
/* End PBXBuildFile section */

/* Begin PBXCopyFilesBuildPhase section */
		DA3001171E949A05000D8597 /* CopyFiles */ = {
			isa = PBXCopyFilesBuildPhase;
			buildActionMask = 2147483647;
			dstPath = /usr/share/man/man1/;
			dstSubfolderSpec = 0;
			files = (
			);
			runOnlyForDeploymentPostprocessing = 1;
		};
/* End PBXCopyFilesBuildPhase section */

/* Begin PBXFileReference section */
		DA3001191E949A05000D8597 /* AudioEvaluationApp */ = {isa = PBXFileReference; explicitFileType = "compiled.mach-o.executable"; includeInIndex = 0; path = AudioEvaluationApp; sourceTree = BUILT_PRODUCTS_DIR; };
		DA30011C1E949A05000D8597 /* main.swift */ = {isa = PBXFileReference; lastKnownFileType = sourcecode.swift; path = main.swift; sourceTree = "<group>"; };
		DA3001231E949A37000D8597 /* EvaluationBrain.swift */ = {isa = PBXFileReference; fileEncoding = 4; lastKnownFileType = sourcecode.swift; path = EvaluationBrain.swift; sourceTree = "<group>"; };
		DA4336BB1E99D3CD007AE5BD /* NPTuple.swift */ = {isa = PBXFileReference; fileEncoding = 4; lastKnownFileType = sourcecode.swift; path = NPTuple.swift; sourceTree = "<group>"; };
/* End PBXFileReference section */

/* Begin PBXFrameworksBuildPhase section */
		DA3001161E949A05000D8597 /* Frameworks */ = {
			isa = PBXFrameworksBuildPhase;
			buildActionMask = 2147483647;
			files = (
			);
			runOnlyForDeploymentPostprocessing = 0;
		};
/* End PBXFrameworksBuildPhase section */

/* Begin PBXGroup section */
		DA3001101E949A05000D8597 = {
			isa = PBXGroup;
			children = (
				DA30011B1E949A05000D8597 /* AudioEvaluationApp */,
				DA30011A1E949A05000D8597 /* Products */,
			);
			sourceTree = "<group>";
		};
		DA30011A1E949A05000D8597 /* Products */ = {
			isa = PBXGroup;
			children = (
				DA3001191E949A05000D8597 /* AudioEvaluationApp */,
			);
			name = Products;
			sourceTree = "<group>";
		};
		DA30011B1E949A05000D8597 /* AudioEvaluationApp */ = {
			isa = PBXGroup;
			children = (
				DA30011C1E949A05000D8597 /* main.swift */,
				DA3001231E949A37000D8597 /* EvaluationBrain.swift */,
				DA4336BB1E99D3CD007AE5BD /* NPTuple.swift */,
			);
			path = AudioEvaluationApp;
			sourceTree = "<group>";
		};
/* End PBXGroup section */

/* Begin PBXNativeTarget section */
		DA3001181E949A05000D8597 /* AudioEvaluationApp */ = {
			isa = PBXNativeTarget;
			buildConfigurationList = DA3001201E949A05000D8597 /* Build configuration list for PBXNativeTarget "AudioEvaluationApp" */;
			buildPhases = (
				DA3001151E949A05000D8597 /* Sources */,
				DA3001161E949A05000D8597 /* Frameworks */,
				DA3001171E949A05000D8597 /* CopyFiles */,
			);
			buildRules = (
			);
			dependencies = (
			);
			name = AudioEvaluationApp;
			productName = AudioEvaluationApp;
			productReference = DA3001191E949A05000D8597 /* AudioEvaluationApp */;
			productType = "com.apple.product-type.tool";
		};
/* End PBXNativeTarget section */

/* Begin PBXProject section */
		DA3001111E949A05000D8597 /* Project object */ = {
			isa = PBXProject;
			attributes = {
				LastSwiftUpdateCheck = 0820;
				LastUpgradeCheck = 0820;
				ORGANIZATIONNAME = "Fangzhou Liu";
				TargetAttributes = {
					DA3001181E949A05000D8597 = {
						CreatedOnToolsVersion = 8.2.1;
						DevelopmentTeam = RRG9X53X93;
						ProvisioningStyle = Automatic;
					};
				};
			};
			buildConfigurationList = DA3001141E949A05000D8597 /* Build configuration list for PBXProject "AudioEvaluationApp" */;
			compatibilityVersion = "Xcode 3.2";
			developmentRegion = English;
			hasScannedForEncodings = 0;
			knownRegions = (
				en,
			);
			mainGroup = DA3001101E949A05000D8597;
			productRefGroup = DA30011A1E949A05000D8597 /* Products */;
			projectDirPath = "";
			projectRoot = "";
			targets = (
				DA3001181E949A05000D8597 /* AudioEvaluationApp */,
			);
		};
/* End PBXProject section */

/* Begin PBXSourcesBuildPhase section */
		DA3001151E949A05000D8597 /* Sources */ = {
			isa = PBXSourcesBuildPhase;
			buildActionMask = 2147483647;
			files = (
				DA3001241E949A37000D8597 /* EvaluationBrain.swift in Sources */,
				DA4336BC1E99D3CD007AE5BD /* NPTuple.swift in Sources */,
				DA30011D1E949A05000D8597 /* main.swift in Sources */,
			);
			runOnlyForDeploymentPostprocessing = 0;
		};
/* End PBXSourcesBuildPhase section */

/* Begin XCBuildConfiguration section */
		DA30011E1E949A05000D8597 /* Debug */ = {
			isa = XCBuildConfiguration;
			buildSettings = {
				ALWAYS_SEARCH_USER_PATHS = NO;
				CLANG_ANALYZER_NONNULL = YES;
				CLANG_CXX_LANGUAGE_STANDARD = "gnu++0x";
				CLANG_CXX_LIBRARY = "libc++";
				CLANG_ENABLE_MODULES = YES;
				CLANG_ENABLE_OBJC_ARC = YES;
				CLANG_WARN_BOOL_CONVERSION = YES;
				CLANG_WARN_CONSTANT_CONVERSION = YES;
				CLANG_WARN_DIRECT_OBJC_ISA_USAGE = YES_ERROR;
				CLANG_WARN_DOCUMENTATION_COMMENTS = YES;
				CLANG_WARN_EMPTY_BODY = YES;
				CLANG_WARN_ENUM_CONVERSION = YES;
				CLANG_WARN_INFINITE_RECURSION = YES;
				CLANG_WARN_INT_CONVERSION = YES;
				CLANG_WARN_OBJC_ROOT_CLASS = YES_ERROR;
				CLANG_WARN_SUSPICIOUS_MOVE = YES;
				CLANG_WARN_UNREACHABLE_CODE = YES;
				CLANG_WARN__DUPLICATE_METHOD_MATCH = YES;
				CODE_SIGN_IDENTITY = "-";
				COPY_PHASE_STRIP = NO;
				DEBUG_INFORMATION_FORMAT = dwarf;
				ENABLE_STRICT_OBJC_MSGSEND = YES;
				ENABLE_TESTABILITY = YES;
				GCC_C_LANGUAGE_STANDARD = gnu99;
				GCC_DYNAMIC_NO_PIC = NO;
				GCC_NO_COMMON_BLOCKS = YES;
				GCC_OPTIMIZATION_LEVEL = 0;
				GCC_PREPROCESSOR_DEFINITIONS = (
					"DEBUG=1",
					"$(inherited)",
				);
				GCC_WARN_64_TO_32_BIT_CONVERSION = YES;
				GCC_WARN_ABOUT_RETURN_TYPE = YES_ERROR;
				GCC_WARN_UNDECLARED_SELECTOR = YES;
				GCC_WARN_UNINITIALIZED_AUTOS = YES_AGGRESSIVE;
				GCC_WARN_UNUSED_FUNCTION = YES;
				GCC_WARN_UNUSED_VARIABLE = YES;
				MACOSX_DEPLOYMENT_TARGET = 10.11;
				MTL_ENABLE_DEBUG_INFO = YES;
				ONLY_ACTIVE_ARCH = YES;
				SDKROOT = macosx;
				SWIFT_OPTIMIZATION_LEVEL = "-Onone";
			};
			name = Debug;
		};
		DA30011F1E949A05000D8597 /* Release */ = {
			isa = XCBuildConfiguration;
			buildSettings = {
				ALWAYS_SEARCH_USER_PATHS = NO;
				CLANG_ANALYZER_NONNULL = YES;
				CLANG_CXX_LANGUAGE_STANDARD = "gnu++0x";
				CLANG_CXX_LIBRARY = "libc++";
				CLANG_ENABLE_MODULES = YES;
				CLANG_ENABLE_OBJC_ARC = YES;
				CLANG_WARN_BOOL_CONVERSION = YES;
				CLANG_WARN_CONSTANT_CONVERSION = YES;
				CLANG_WARN_DIRECT_OBJC_ISA_USAGE = YES_ERROR;
				CLANG_WARN_DOCUMENTATION_COMMENTS = YES;
				CLANG_WARN_EMPTY_BODY = YES;
				CLANG_WARN_ENUM_CONVERSION = YES;
				CLANG_WARN_INFINITE_RECURSION = YES;
				CLANG_WARN_INT_CONVERSION = YES;
				CLANG_WARN_OBJC_ROOT_CLASS = YES_ERROR;
				CLANG_WARN_SUSPICIOUS_MOVE = YES;
				CLANG_WARN_UNREACHABLE_CODE = YES;
				CLANG_WARN__DUPLICATE_METHOD_MATCH = YES;
				CODE_SIGN_IDENTITY = "-";
				COPY_PHASE_STRIP = NO;
				DEBUG_INFORMATION_FORMAT = "dwarf-with-dsym";
				ENABLE_NS_ASSERTIONS = NO;
				ENABLE_STRICT_OBJC_MSGSEND = YES;
				GCC_C_LANGUAGE_STANDARD = gnu99;
				GCC_NO_COMMON_BLOCKS = YES;
				GCC_WARN_64_TO_32_BIT_CONVERSION = YES;
				GCC_WARN_ABOUT_RETURN_TYPE = YES_ERROR;
				GCC_WARN_UNDECLARED_SELECTOR = YES;
				GCC_WARN_UNINITIALIZED_AUTOS = YES_AGGRESSIVE;
				GCC_WARN_UNUSED_FUNCTION = YES;
				GCC_WARN_UNUSED_VARIABLE = YES;
				MACOSX_DEPLOYMENT_TARGET = 10.11;
				MTL_ENABLE_DEBUG_INFO = NO;
				SDKROOT = macosx;
			};
			name = Release;
		};
		DA3001211E949A05000D8597 /* Debug */ = {
			isa = XCBuildConfiguration;
			buildSettings = {
				DEVELOPMENT_TEAM = RRG9X53X93;
				PRODUCT_NAME = "$(TARGET_NAME)";
				SWIFT_VERSION = 3.0;
			};
			name = Debug;
		};
		DA3001221E949A05000D8597 /* Release */ = {
			isa = XCBuildConfiguration;
			buildSettings = {
				DEVELOPMENT_TEAM = RRG9X53X93;
				PRODUCT_NAME = "$(TARGET_NAME)";
				SWIFT_VERSION = 3.0;
			};
			name = Release;
		};
/* End XCBuildConfiguration section */

/* Begin XCConfigurationList section */
		DA3001141E949A05000D8597 /* Build configuration list for PBXProject "AudioEvaluationApp" */ = {
			isa = XCConfigurationList;
			buildConfigurations = (
				DA30011E1E949A05000D8597 /* Debug */,
				DA30011F1E949A05000D8597 /* Release */,
			);
			defaultConfigurationIsVisible = 0;
			defaultConfigurationName = Release;
		};
		DA3001201E949A05000D8597 /* Build configuration list for PBXNativeTarget "AudioEvaluationApp" */ = {
			isa = XCConfigurationList;
			buildConfigurations = (
				DA3001211E949A05000D8597 /* Debug */,
				DA3001221E949A05000D8597 /* Release */,
			);
			defaultConfigurationIsVisible = 0;
			defaultConfigurationName = Release;
		};
/* End XCConfigurationList section */
	};
	rootObject = DA3001111E949A05000D8597 /* Project object */;
}
